
Microsoft Visual Studio Solution File, Format Version 12.00
# Visual Studio Version 16
VisualStudioVersion = 16.0.30309.148
MinimumVisualStudioVersion = 10.0.40219.1
Project("{FAE04EC0-301F-11D3-BF4B-00C04F79EFBC}") = "AuthenticationApi", "AuthenticationApi.csproj", "{84767207-C45A-415E-8911-394084265532}"
EndProject
Global
	GlobalSection(SolutionConfigurationPlatforms) = preSolution
		Debug|Any CPU = Debug|Any CPU
		Release|Any CPU = Release|Any CPU
	EndGlobalSection
	GlobalSection(ProjectConfigurationPlatforms) = postSolution
		{84767207-C45A-415E-8911-394084265532}.Debug|Any CPU.ActiveCfg = Debug|Any CPU
		{84767207-C45A-415E-8911-394084265532}.Debug|Any CPU.Build.0 = Debug|Any CPU
		{84767207-C45A-415E-8911-394084265532}.Release|Any CPU.ActiveCfg = Release|Any CPU
		{84767207-C45A-415E-8911-394084265532}.Release|Any CPU.Build.0 = Release|Any CPU
	EndGlobalSection
	GlobalSection(SolutionProperties) = preSolution
		HideSolutionNode = FALSE
	EndGlobalSection
	GlobalSection(ExtensibilityGlobals) = postSolution
		SolutionGuid = {41B8B724-60E9-4213-A5D2-C37CEABA1E6F}
	EndGlobalSection
EndGlobal
